
Microsoft Visual Studio Solution File, Format Version 12.00
# Visual Studio Version 18
VisualStudioVersion = 18.7.11919.86 stable
MinimumVisualStudioVersion = 10.0.40219.1
Project("{FAE04EC0-301F-11D3-BF4B-00C04F79EFBC}") = "InventoryAPI", "InventoryAPI\InventoryAPI.csproj", "{59891A21-6E19-47F5-A799-DB5327105B78}"
EndProject
Project("{FAE04EC0-301F-11D3-BF4B-00C04F79EFBC}") = "InventoryAPI.Tests", "InventoryAPI.Tests\InventoryAPI.Tests.csproj", "{C4BD95A6-DE5D-438E-9AA1-CA58ECA4699F}"
EndProject
Global
	GlobalSection(SolutionConfigurationPlatforms) = preSolution
		Debug|Any CPU = Debug|Any CPU
		Release|Any CPU = Release|Any CPU
	EndGlobalSection
	GlobalSection(ProjectConfigurationPlatforms) = postSolution
		{59891A21-6E19-47F5-A799-DB5327105B78}.Debug|Any CPU.ActiveCfg = Debug|Any CPU
		{59891A21-6E19-47F5-A799-DB5327105B78}.Debug|Any CPU.Build.0 = Debug|Any CPU
		{59891A21-6E19-47F5-A799-DB5327105B78}.Release|Any CPU.ActiveCfg = Release|Any CPU
		{59891A21-6E19-47F5-A799-DB5327105B78}.Release|Any CPU.Build.0 = Release|Any CPU
		{C4BD95A6-DE5D-438E-9AA1-CA58ECA4699F}.Debug|Any CPU.ActiveCfg = Debug|Any CPU
		{C4BD95A6-DE5D-438E-9AA1-CA58ECA4699F}.Debug|Any CPU.Build.0 = Debug|Any CPU
		{C4BD95A6-DE5D-438E-9AA1-CA58ECA4699F}.Release|Any CPU.ActiveCfg = Release|Any CPU
		{C4BD95A6-DE5D-438E-9AA1-CA58ECA4699F}.Release|Any CPU.Build.0 = Release|Any CPU
	EndGlobalSection
	GlobalSection(SolutionProperties) = preSolution
		HideSolutionNode = FALSE
	EndGlobalSection
	GlobalSection(ExtensibilityGlobals) = postSolution
		SolutionGuid = {D53E72DE-D711-4261-A241-A7D03C1504F4}
	EndGlobalSection
EndGlobal
